// !$*UTF8*$!
{
	archiveVersion = 1;
	classes = {
	};
	objectVersion = 56;
	objects = {

/* Begin PBXBuildFile section */
		4019C1212A542FCA006967FF /* Collections_ManagementApp.swift in Sources */ = {isa = PBXBuildFile; fileRef = 4019C1202A542FCA006967FF /* Collections_ManagementApp.swift */; };
		4019C1232A542FCA006967FF /* ContentView.swift in Sources */ = {isa = PBXBuildFile; fileRef = 4019C1222A542FCA006967FF /* ContentView.swift */; };
		4019C1252A542FCB006967FF /* Assets.xcassets in Resources */ = {isa = PBXBuildFile; fileRef = 4019C1242A542FCB006967FF /* Assets.xcassets */; };
		4019C1282A542FCB006967FF /* Preview Assets.xcassets in Resources */ = {isa = PBXBuildFile; fileRef = 4019C1272A542FCB006967FF /* Preview Assets.xcassets */; };
		4019C12A2A542FCB006967FF /* Persistence.swift in Sources */ = {isa = PBXBuildFile; fileRef = 4019C1292A542FCB006967FF /* Persistence.swift */; };
		4019C12D2A542FCB006967FF /* Collections_Management.xcdatamodeld in Sources */ = {isa = PBXBuildFile; fileRef = 4019C12B2A542FCB006967FF /* Collections_Management.xcdatamodeld */; };
		4019C1372A542FCB006967FF /* Collections_ManagementTests.swift in Sources */ = {isa = PBXBuildFile; fileRef = 4019C1362A542FCB006967FF /* Collections_ManagementTests.swift */; };
		4019C1412A542FCB006967FF /* Collections_ManagementUITests.swift in Sources */ = {isa = PBXBuildFile; fileRef = 4019C1402A542FCB006967FF /* Collections_ManagementUITests.swift */; };
		4019C1432A542FCB006967FF /* Collections_ManagementUITestsLaunchTests.swift in Sources */ = {isa = PBXBuildFile; fileRef = 4019C1422A542FCB006967FF /* Collections_ManagementUITestsLaunchTests.swift */; };
/* End PBXBuildFile section */

/* Begin PBXContainerItemProxy section */
		4019C1332A542FCB006967FF /* PBXContainerItemProxy */ = {
			isa = PBXContainerItemProxy;
			containerPortal = 4019C1152A542FCA006967FF /* Project object */;
			proxyType = 1;
			remoteGlobalIDString = 4019C11C2A542FCA006967FF;
			remoteInfo = "Collections Management";
		};
		4019C13D2A542FCB006967FF /* PBXContainerItemProxy */ = {
			isa = PBXContainerItemProxy;
			containerPortal = 4019C1152A542FCA006967FF /* Project object */;
			proxyType = 1;
			remoteGlobalIDString = 4019C11C2A542FCA006967FF;
			remoteInfo = "Collections Management";
		};
/* End PBXContainerItemProxy section */

/* Begin PBXFileReference section */
		4019C11D2A542FCA006967FF /* Collections Management.app */ = {isa = PBXFileReference; explicitFileType = wrapper.application; includeInIndex = 0; path = "Collections Management.app"; sourceTree = BUILT_PRODUCTS_DIR; };
		4019C1202A542FCA006967FF /* Collections_ManagementApp.swift */ = {isa = PBXFileReference; lastKnownFileType = sourcecode.swift; path = Collections_ManagementApp.swift; sourceTree = "<group>"; };
		4019C1222A542FCA006967FF /* ContentView.swift */ = {isa = PBXFileReference; lastKnownFileType = sourcecode.swift; path = ContentView.swift; sourceTree = "<group>"; };
		4019C1242A542FCB006967FF /* Assets.xcassets */ = {isa = PBXFileReference; lastKnownFileType = folder.assetcatalog; path = Assets.xcassets; sourceTree = "<group>"; };
		4019C1272A542FCB006967FF /* Preview Assets.xcassets */ = {isa = PBXFileReference; lastKnownFileType = folder.assetcatalog; path = "Preview Assets.xcassets"; sourceTree = "<group>"; };
		4019C1292A542FCB006967FF /* Persistence.swift */ = {isa = PBXFileReference; lastKnownFileType = sourcecode.swift; path = Persistence.swift; sourceTree = "<group>"; };
		4019C12C2A542FCB006967FF /* Collections_Management.xcdatamodel */ = {isa = PBXFileReference; lastKnownFileType = wrapper.xcdatamodel; path = Collections_Management.xcdatamodel; sourceTree = "<group>"; };
		4019C1322A542FCB006967FF /* Collections ManagementTests.xctest */ = {isa = PBXFileReference; explicitFileType = wrapper.cfbundle; includeInIndex = 0; path = "Collections ManagementTests.xctest"; sourceTree = BUILT_PRODUCTS_DIR; };
		4019C1362A542FCB006967FF /* Collections_ManagementTests.swift */ = {isa = PBXFileReference; lastKnownFileType = sourcecode.swift; path = Collections_ManagementTests.swift; sourceTree = "<group>"; };
		4019C13C2A542FCB006967FF /* Collections ManagementUITests.xctest */ = {isa = PBXFileReference; explicitFileType = wrapper.cfbundle; includeInIndex = 0; path = "Collections ManagementUITests.xctest"; sourceTree = BUILT_PRODUCTS_DIR; };
		4019C1402A542FCB006967FF /* Collections_ManagementUITests.swift */ = {isa = PBXFileReference; lastKnownFileType = sourcecode.swift; path = Collections_ManagementUITests.swift; sourceTree = "<group>"; };
		4019C1422A542FCB006967FF /* Collections_ManagementUITestsLaunchTests.swift */ = {isa = PBXFileReference; lastKnownFileType = sourcecode.swift; path = Collections_ManagementUITestsLaunchTests.swift; sourceTree = "<group>"; };
/* End PBXFileReference section */

/* Begin PBXFrameworksBuildPhase section */
		4019C11A2A542FCA006967FF /* Frameworks */ = {
			isa = PBXFrameworksBuildPhase;
			buildActionMask = 2147483647;
			files = (
			);
			runOnlyForDeploymentPostprocessing = 0;
		};
		4019C12F2A542FCB006967FF /* Frameworks */ = {
			isa = PBXFrameworksBuildPhase;
			buildActionMask = 2147483647;
			files = (
			);
			runOnlyForDeploymentPostprocessing = 0;
		};
		4019C1392A542FCB006967FF /* Frameworks */ = {
			isa = PBXFrameworksBuildPhase;
			buildActionMask = 2147483647;
			files = (
			);
			runOnlyForDeploymentPostprocessing = 0;
		};
/* End PBXFrameworksBuildPhase section */

/* Begin PBXGroup section */
		4019C1142A542FCA006967FF = {
			isa = PBXGroup;
			children = (
				4019C11F2A542FCA006967FF /* Collections Management */,
				4019C1352A542FCB006967FF /* Collections ManagementTests */,
				4019C13F2A542FCB006967FF /* Collections ManagementUITests */,
				4019C11E2A542FCA006967FF /* Products */,
			);
			sourceTree = "<group>";
		};
		4019C11E2A542FCA006967FF /* Products */ = {
			isa = PBXGroup;
			children = (
				4019C11D2A542FCA006967FF /* Collections Management.app */,
				4019C1322A542FCB006967FF /* Collections ManagementTests.xctest */,
				4019C13C2A542FCB006967FF /* Collections ManagementUITests.xctest */,
			);
			name = Products;
			sourceTree = "<group>";
		};
		4019C11F2A542FCA006967FF /* Collections Management */ = {
			isa = PBXGroup;
			children = (
				4019C1202A542FCA006967FF /* Collections_ManagementApp.swift */,
				4019C1222A542FCA006967FF /* ContentView.swift */,
				4019C1242A542FCB006967FF /* Assets.xcassets */,
				4019C1292A542FCB006967FF /* Persistence.swift */,
				4019C12B2A542FCB006967FF /* Collections_Management.xcdatamodeld */,
				4019C1262A542FCB006967FF /* Preview Content */,
			);
			path = "Collections Management";
			sourceTree = "<group>";
		};
		4019C1262A542FCB006967FF /* Preview Content */ = {
			isa = PBXGroup;
			children = (
				4019C1272A542FCB006967FF /* Preview Assets.xcassets */,
			);
			path = "Preview Content";
			sourceTree = "<group>";
		};
		4019C1352A542FCB006967FF /* Collections ManagementTests */ = {
			isa = PBXGroup;
			children = (
				4019C1362A542FCB006967FF /* Collections_ManagementTests.swift */,
			);
			path = "Collections ManagementTests";
			sourceTree = "<group>";
		};
		4019C13F2A542FCB006967FF /* Collections ManagementUITests */ = {
			isa = PBXGroup;
			children = (
				4019C1402A542FCB006967FF /* Collections_ManagementUITests.swift */,
				4019C1422A542FCB006967FF /* Collections_ManagementUITestsLaunchTests.swift */,
			);
			path = "Collections ManagementUITests";
			sourceTree = "<group>";
		};
/* End PBXGroup section */

/* Begin PBXNativeTarget section */
		4019C11C2A542FCA006967FF /* Collections Management */ = {
			isa = PBXNativeTarget;
			buildConfigurationList = 4019C1462A542FCB006967FF /* Build configuration list for PBXNativeTarget "Collections Management" */;
			buildPhases = (
				4019C1192A542FCA006967FF /* Sources */,
				4019C11A2A542FCA006967FF /* Frameworks */,
				4019C11B2A542FCA006967FF /* Resources */,
			);
			buildRules = (
			);
			dependencies = (
			);
			name = "Collections Management";
			productName = "Collections Management";
			productReference = 4019C11D2A542FCA006967FF /* Collections Management.app */;
			productType = "com.apple.product-type.application";
		};
		4019C1312A542FCB006967FF /* Collections ManagementTests */ = {
			isa = PBXNativeTarget;
			buildConfigurationList = 4019C1492A542FCB006967FF /* Build configuration list for PBXNativeTarget "Collections ManagementTests" */;
			buildPhases = (
				4019C12E2A542FCB006967FF /* Sources */,
				4019C12F2A542FCB006967FF /* Frameworks */,
				4019C1302A542FCB006967FF /* Resources */,
			);
			buildRules = (
			);
			dependencies = (
				4019C1342A542FCB006967FF /* PBXTargetDependency */,
			);
			name = "Collections ManagementTests";
			productName = "Collections ManagementTests";
			productReference = 4019C1322A542FCB006967FF /* Collections ManagementTests.xctest */;
			productType = "com.apple.product-type.bundle.unit-test";
		};
		4019C13B2A542FCB006967FF /* Collections ManagementUITests */ = {
			isa = PBXNativeTarget;
			buildConfigurationList = 4019C14C2A542FCB006967FF /* Build configuration list for PBXNativeTarget "Collections ManagementUITests" */;
			buildPhases = (
				4019C1382A542FCB006967FF /* Sources */,
				4019C1392A542FCB006967FF /* Frameworks */,
				4019C13A2A542FCB006967FF /* Resources */,
			);
			buildRules = (
			);
			dependencies = (
				4019C13E2A542FCB006967FF /* PBXTargetDependency */,
			);
			name = "Collections ManagementUITests";
			productName = "Collections ManagementUITests";
			productReference = 4019C13C2A542FCB006967FF /* Collections ManagementUITests.xctest */;
			productType = "com.apple.product-type.bundle.ui-testing";
		};
/* End PBXNativeTarget section */

/* Begin PBXProject section */
		4019C1152A542FCA006967FF /* Project object */ = {
			isa = PBXProject;
			attributes = {
				BuildIndependentTargetsInParallel = 1;
				LastSwiftUpdateCheck = 1430;
				LastUpgradeCheck = 1430;
				TargetAttributes = {
					4019C11C2A542FCA006967FF = {
						CreatedOnToolsVersion = 14.3.1;
					};
					4019C1312A542FCB006967FF = {
						CreatedOnToolsVersion = 14.3.1;
						TestTargetID = 4019C11C2A542FCA006967FF;
					};
					4019C13B2A542FCB006967FF = {
						CreatedOnToolsVersion = 14.3.1;
						TestTargetID = 4019C11C2A542FCA006967FF;
					};
				};
			};
			buildConfigurationList = 4019C1182A542FCA006967FF /* Build configuration list for PBXProject "Collections Management" */;
			compatibilityVersion = "Xcode 14.0";
			developmentRegion = en;
			hasScannedForEncodings = 0;
			knownRegions = (
				en,
				Base,
			);
			mainGroup = 4019C1142A542FCA006967FF;
			productRefGroup = 4019C11E2A542FCA006967FF /* Products */;
			projectDirPath = "";
			projectRoot = "";
			targets = (
				4019C11C2A542FCA006967FF /* Collections Management */,
				4019C1312A542FCB006967FF /* Collections ManagementTests */,
				4019C13B2A542FCB006967FF /* Collections ManagementUITests */,
			);
		};
/* End PBXProject section */

/* Begin PBXResourcesBuildPhase section */
		4019C11B2A542FCA006967FF /* Resources */ = {
			isa = PBXResourcesBuildPhase;
			buildActionMask = 2147483647;
			files = (
				4019C1282A542FCB006967FF /* Preview Assets.xcassets in Resources */,
				4019C1252A542FCB006967FF /* Assets.xcassets in Resources */,
			);
			runOnlyForDeploymentPostprocessing = 0;
		};
		4019C1302A542FCB006967FF /* Resources */ = {
			isa = PBXResourcesBuildPhase;
			buildActionMask = 2147483647;
			files = (
			);
			runOnlyForDeploymentPostprocessing = 0;
		};
		4019C13A2A542FCB006967FF /* Resources */ = {
			isa = PBXResourcesBuildPhase;
			buildActionMask = 2147483647;
			files = (
			);
			runOnlyForDeploymentPostprocessing = 0;
		};
/* End PBXResourcesBuildPhase section */

/* Begin PBXSourcesBuildPhase section */
		4019C1192A542FCA006967FF /* Sources */ = {
			isa = PBXSourcesBuildPhase;
			buildActionMask = 2147483647;
			files = (
				4019C12A2A542FCB006967FF /* Persistence.swift in Sources */,
				4019C1232A542FCA006967FF /* ContentView.swift in Sources */,
				4019C12D2A542FCB006967FF /* Collections_Management.xcdatamodeld in Sources */,
				4019C1212A542FCA006967FF /* Collections_ManagementApp.swift in Sources */,
			);
			runOnlyForDeploymentPostprocessing = 0;
		};
		4019C12E2A542FCB006967FF /* Sources */ = {
			isa = PBXSourcesBuildPhase;
			buildActionMask = 2147483647;
			files = (
				4019C1372A542FCB006967FF /* Collections_ManagementTests.swift in Sources */,
			);
			runOnlyForDeploymentPostprocessing = 0;
		};
		4019C1382A542FCB006967FF /* Sources */ = {
			isa = PBXSourcesBuildPhase;
			buildActionMask = 2147483647;
			files = (
				4019C1412A542FCB006967FF /* Collections_ManagementUITests.swift in Sources */,
				4019C1432A542FCB006967FF /* Collections_ManagementUITestsLaunchTests.swift in Sources */,
			);
			runOnlyForDeploymentPostprocessing = 0;
		};
/* End PBXSourcesBuildPhase section */

/* Begin PBXTargetDependency section */
		4019C1342A542FCB006967FF /* PBXTargetDependency */ = {
			isa = PBXTargetDependency;
			target = 4019C11C2A542FCA006967FF /* Collections Management */;
			targetProxy = 4019C1332A542FCB006967FF /* PBXContainerItemProxy */;
		};
		4019C13E2A542FCB006967FF /* PBXTargetDependency */ = {
			isa = PBXTargetDependency;
			target = 4019C11C2A542FCA006967FF /* Collections Management */;
			targetProxy = 4019C13D2A542FCB006967FF /* PBXContainerItemProxy */;
		};
/* End PBXTargetDependency section */

/* Begin XCBuildConfiguration section */
		4019C1442A542FCB006967FF /* Debug */ = {
			isa = XCBuildConfiguration;
			buildSettings = {
				ALWAYS_SEARCH_USER_PATHS = NO;
				CLANG_ANALYZER_NONNULL = YES;
				CLANG_ANALYZER_NUMBER_OBJECT_CONVERSION = YES_AGGRESSIVE;
				CLANG_CXX_LANGUAGE_STANDARD = "gnu++20";
				CLANG_ENABLE_MODULES = YES;
				CLANG_ENABLE_OBJC_ARC = YES;
				CLANG_ENABLE_OBJC_WEAK = YES;
				CLANG_WARN_BLOCK_CAPTURE_AUTORELEASING = YES;
				CLANG_WARN_BOOL_CONVERSION = YES;
				CLANG_WARN_COMMA = YES;
				CLANG_WARN_CONSTANT_CONVERSION = YES;
				CLANG_WARN_DEPRECATED_OBJC_IMPLEMENTATIONS = YES;
				CLANG_WARN_DIRECT_OBJC_ISA_USAGE = YES_ERROR;
				CLANG_WARN_DOCUMENTATION_COMMENTS = YES;
				CLANG_WARN_EMPTY_BODY = YES;
				CLANG_WARN_ENUM_CONVERSION = YES;
				CLANG_WARN_INFINITE_RECURSION = YES;
				CLANG_WARN_INT_CONVERSION = YES;
				CLANG_WARN_NON_LITERAL_NULL_CONVERSION = YES;
				CLANG_WARN_OBJC_IMPLICIT_RETAIN_SELF = YES;
				CLANG_WARN_OBJC_LITERAL_CONVERSION = YES;
				CLANG_WARN_OBJC_ROOT_CLASS = YES_ERROR;
				CLANG_WARN_QUOTED_INCLUDE_IN_FRAMEWORK_HEADER = YES;
				CLANG_WARN_RANGE_LOOP_ANALYSIS = YES;
				CLANG_WARN_STRICT_PROTOTYPES = YES;
				CLANG_WARN_SUSPICIOUS_MOVE = YES;
				CLANG_WARN_UNGUARDED_AVAILABILITY = YES_AGGRESSIVE;
				CLANG_WARN_UNREACHABLE_CODE = YES;
				CLANG_WARN__DUPLICATE_METHOD_MATCH = YES;
				COPY_PHASE_STRIP = NO;
				DEBUG_INFORMATION_FORMAT = dwarf;
				ENABLE_STRICT_OBJC_MSGSEND = YES;
				ENABLE_TESTABILITY = YES;
				GCC_C_LANGUAGE_STANDARD = gnu11;
				GCC_DYNAMIC_NO_PIC = NO;
				GCC_NO_COMMON_BLOCKS = YES;
				GCC_OPTIMIZATION_LEVEL = 0;
				GCC_PREPROCESSOR_DEFINITIONS = (
					"DEBUG=1",
					"$(inherited)",
				);
				GCC_WARN_64_TO_32_BIT_CONVERSION = YES;
				GCC_WARN_ABOUT_RETURN_TYPE = YES_ERROR;
				GCC_WARN_UNDECLARED_SELECTOR = YES;
				GCC_WARN_UNINITIALIZED_AUTOS = YES_AGGRESSIVE;
				GCC_WARN_UNUSED_FUNCTION = YES;
				GCC_WARN_UNUSED_VARIABLE = YES;
				IPHONEOS_DEPLOYMENT_TARGET = 16.4;
				MTL_ENABLE_DEBUG_INFO = INCLUDE_SOURCE;
				MTL_FAST_MATH = YES;
				ONLY_ACTIVE_ARCH = YES;
				SDKROOT = iphoneos;
				SWIFT_ACTIVE_COMPILATION_CONDITIONS = DEBUG;
				SWIFT_OPTIMIZATION_LEVEL = "-Onone";
			};
			name = Debug;
		};
		4019C1452A542FCB006967FF /* Release */ = {
			isa = XCBuildConfiguration;
			buildSettings = {
				ALWAYS_SEARCH_USER_PATHS = NO;
				CLANG_ANALYZER_NONNULL = YES;
				CLANG_ANALYZER_NUMBER_OBJECT_CONVERSION = YES_AGGRESSIVE;
				CLANG_CXX_LANGUAGE_STANDARD = "gnu++20";
				CLANG_ENABLE_MODULES = YES;
				CLANG_ENABLE_OBJC_ARC = YES;
				CLANG_ENABLE_OBJC_WEAK = YES;
				CLANG_WARN_BLOCK_CAPTURE_AUTORELEASING = YES;
				CLANG_WARN_BOOL_CONVERSION = YES;
				CLANG_WARN_COMMA = YES;
				CLANG_WARN_CONSTANT_CONVERSION = YES;
				CLANG_WARN_DEPRECATED_OBJC_IMPLEMENTATIONS = YES;
				CLANG_WARN_DIRECT_OBJC_ISA_USAGE = YES_ERROR;
				CLANG_WARN_DOCUMENTATION_COMMENTS = YES;
				CLANG_WARN_EMPTY_BODY = YES;
				CLANG_WARN_ENUM_CONVERSION = YES;
				CLANG_WARN_INFINITE_RECURSION = YES;
				CLANG_WARN_INT_CONVERSION = YES;
				CLANG_WARN_NON_LITERAL_NULL_CONVERSION = YES;
				CLANG_WARN_OBJC_IMPLICIT_RETAIN_SELF = YES;
				CLANG_WARN_OBJC_LITERAL_CONVERSION = YES;
				CLANG_WARN_OBJC_ROOT_CLASS = YES_ERROR;
				CLANG_WARN_QUOTED_INCLUDE_IN_FRAMEWORK_HEADER = YES;
				CLANG_WARN_RANGE_LOOP_ANALYSIS = YES;
				CLANG_WARN_STRICT_PROTOTYPES = YES;
				CLANG_WARN_SUSPICIOUS_MOVE = YES;
				CLANG_WARN_UNGUARDED_AVAILABILITY = YES_AGGRESSIVE;
				CLANG_WARN_UNREACHABLE_CODE = YES;
				CLANG_WARN__DUPLICATE_METHOD_MATCH = YES;
				COPY_PHASE_STRIP = NO;
				DEBUG_INFORMATION_FORMAT = "dwarf-with-dsym";
				ENABLE_NS_ASSERTIONS = NO;
				ENABLE_STRICT_OBJC_MSGSEND = YES;
				GCC_C_LANGUAGE_STANDARD = gnu11;
				GCC_NO_COMMON_BLOCKS = YES;
				GCC_WARN_64_TO_32_BIT_CONVERSION = YES;
				GCC_WARN_ABOUT_RETURN_TYPE = YES_ERROR;
				GCC_WARN_UNDECLARED_SELECTOR = YES;
				GCC_WARN_UNINITIALIZED_AUTOS = YES_AGGRESSIVE;
				GCC_WARN_UNUSED_FUNCTION = YES;
				GCC_WARN_UNUSED_VARIABLE = YES;
				IPHONEOS_DEPLOYMENT_TARGET = 16.4;
				MTL_ENABLE_DEBUG_INFO = NO;
				MTL_FAST_MATH = YES;
				SDKROOT = iphoneos;
				SWIFT_COMPILATION_MODE = wholemodule;
				SWIFT_OPTIMIZATION_LEVEL = "-O";
				VALIDATE_PRODUCT = YES;
			};
			name = Release;
		};
		4019C1472A542FCB006967FF /* Debug */ = {
			isa = XCBuildConfiguration;
			buildSettings = {
				ASSETCATALOG_COMPILER_APPICON_NAME = AppIcon;
				ASSETCATALOG_COMPILER_GLOBAL_ACCENT_COLOR_NAME = AccentColor;
				CODE_SIGN_STYLE = Automatic;
				CURRENT_PROJECT_VERSION = 1;
				DEVELOPMENT_ASSET_PATHS = "\"Collections Management/Preview Content\"";
				ENABLE_PREVIEWS = YES;
				GENERATE_INFOPLIST_FILE = YES;
				INFOPLIST_KEY_UIApplicationSceneManifest_Generation = YES;
				INFOPLIST_KEY_UIApplicationSupportsIndirectInputEvents = YES;
				INFOPLIST_KEY_UILaunchScreen_Generation = YES;
				INFOPLIST_KEY_UISupportedInterfaceOrientations_iPad = "UIInterfaceOrientationPortrait UIInterfaceOrientationPortraitUpsideDown UIInterfaceOrientationLandscapeLeft UIInterfaceOrientationLandscapeRight";
				INFOPLIST_KEY_UISupportedInterfaceOrientations_iPhone = "UIInterfaceOrientationPortrait UIInterfaceOrientationLandscapeLeft UIInterfaceOrientationLandscapeRight";
				LD_RUNPATH_SEARCH_PATHS = (
					"$(inherited)",
					"@executable_path/Frameworks",
				);
				MARKETING_VERSION = 1.0;
				PRODUCT_BUNDLE_IDENTIFIER = "HandyProductions.Collections-Management";
				PRODUCT_NAME = "$(TARGET_NAME)";
				SWIFT_EMIT_LOC_STRINGS = YES;
				SWIFT_VERSION = 5.0;
				TARGETED_DEVICE_FAMILY = "1,2";
			};
			name = Debug;
		};
		4019C1482A542FCB006967FF /* Release */ = {
			isa = XCBuildConfiguration;
			buildSettings = {
				ASSETCATALOG_COMPILER_APPICON_NAME = AppIcon;
				ASSETCATALOG_COMPILER_GLOBAL_ACCENT_COLOR_NAME = AccentColor;
				CODE_SIGN_STYLE = Automatic;
				CURRENT_PROJECT_VERSION = 1;
				DEVELOPMENT_ASSET_PATHS = "\"Collections Management/Preview Content\"";
				ENABLE_PREVIEWS = YES;
				GENERATE_INFOPLIST_FILE = YES;
				INFOPLIST_KEY_UIApplicationSceneManifest_Generation = YES;
				INFOPLIST_KEY_UIApplicationSupportsIndirectInputEvents = YES;
				INFOPLIST_KEY_UILaunchScreen_Generation = YES;
				INFOPLIST_KEY_UISupportedInterfaceOrientations_iPad = "UIInterfaceOrientationPortrait UIInterfaceOrientationPortraitUpsideDown UIInterfaceOrientationLandscapeLeft UIInterfaceOrientationLandscapeRight";
				INFOPLIST_KEY_UISupportedInterfaceOrientations_iPhone = "UIInterfaceOrientationPortrait UIInterfaceOrientationLandscapeLeft UIInterfaceOrientationLandscapeRight";
				LD_RUNPATH_SEARCH_PATHS = (
					"$(inherited)",
					"@executable_path/Frameworks",
				);
				MARKETING_VERSION = 1.0;
				PRODUCT_BUNDLE_IDENTIFIER = "HandyProductions.Collections-Management";
				PRODUCT_NAME = "$(TARGET_NAME)";
				SWIFT_EMIT_LOC_STRINGS = YES;
				SWIFT_VERSION = 5.0;
				TARGETED_DEVICE_FAMILY = "1,2";
			};
			name = Release;
		};
		4019C14A2A542FCB006967FF /* Debug */ = {
			isa = XCBuildConfiguration;
			buildSettings = {
				ALWAYS_EMBED_SWIFT_STANDARD_LIBRARIES = YES;
				BUNDLE_LOADER = "$(TEST_HOST)";
				CODE_SIGN_STYLE = Automatic;
				CURRENT_PROJECT_VERSION = 1;
				GENERATE_INFOPLIST_FILE = YES;
				IPHONEOS_DEPLOYMENT_TARGET = 16.4;
				MARKETING_VERSION = 1.0;
				PRODUCT_BUNDLE_IDENTIFIER = "HandyProductions.Collections-ManagementTests";
				PRODUCT_NAME = "$(TARGET_NAME)";
				SWIFT_EMIT_LOC_STRINGS = NO;
				SWIFT_VERSION = 5.0;
				TARGETED_DEVICE_FAMILY = "1,2";
				TEST_HOST = "$(BUILT_PRODUCTS_DIR)/Collections Management.app/$(BUNDLE_EXECUTABLE_FOLDER_PATH)/Collections Management";
			};
			name = Debug;
		};
		4019C14B2A542FCB006967FF /* Release */ = {
			isa = XCBuildConfiguration;
			buildSettings = {
				ALWAYS_EMBED_SWIFT_STANDARD_LIBRARIES = YES;
				BUNDLE_LOADER = "$(TEST_HOST)";
				CODE_SIGN_STYLE = Automatic;
				CURRENT_PROJECT_VERSION = 1;
				GENERATE_INFOPLIST_FILE = YES;
				IPHONEOS_DEPLOYMENT_TARGET = 16.4;
				MARKETING_VERSION = 1.0;
				PRODUCT_BUNDLE_IDENTIFIER = "HandyProductions.Collections-ManagementTests";
				PRODUCT_NAME = "$(TARGET_NAME)";
				SWIFT_EMIT_LOC_STRINGS = NO;
				SWIFT_VERSION = 5.0;
				TARGETED_DEVICE_FAMILY = "1,2";
				TEST_HOST = "$(BUILT_PRODUCTS_DIR)/Collections Management.app/$(BUNDLE_EXECUTABLE_FOLDER_PATH)/Collections Management";
			};
			name = Release;
		};
		4019C14D2A542FCB006967FF /* Debug */ = {
			isa = XCBuildConfiguration;
			buildSettings = {
				ALWAYS_EMBED_SWIFT_STANDARD_LIBRARIES = YES;
				CODE_SIGN_STYLE = Automatic;
				CURRENT_PROJECT_VERSION = 1;
				GENERATE_INFOPLIST_FILE = YES;
				MARKETING_VERSION = 1.0;
				PRODUCT_BUNDLE_IDENTIFIER = "HandyProductions.Collections-ManagementUITests";
				PRODUCT_NAME = "$(TARGET_NAME)";
				SWIFT_EMIT_LOC_STRINGS = NO;
				SWIFT_VERSION = 5.0;
				TARGETED_DEVICE_FAMILY = "1,2";
				TEST_TARGET_NAME = "Collections Management";
			};
			name = Debug;
		};
		4019C14E2A542FCB006967FF /* Release */ = {
			isa = XCBuildConfiguration;
			buildSettings = {
				ALWAYS_EMBED_SWIFT_STANDARD_LIBRARIES = YES;
				CODE_SIGN_STYLE = Automatic;
				CURRENT_PROJECT_VERSION = 1;
				GENERATE_INFOPLIST_FILE = YES;
				MARKETING_VERSION = 1.0;
				PRODUCT_BUNDLE_IDENTIFIER = "HandyProductions.Collections-ManagementUITests";
				PRODUCT_NAME = "$(TARGET_NAME)";
				SWIFT_EMIT_LOC_STRINGS = NO;
				SWIFT_VERSION = 5.0;
				TARGETED_DEVICE_FAMILY = "1,2";
				TEST_TARGET_NAME = "Collections Management";
			};
			name = Release;
		};
/* End XCBuildConfiguration section */

/* Begin XCConfigurationList section */
		4019C1182A542FCA006967FF /* Build configuration list for PBXProject "Collections Management" */ = {
			isa = XCConfigurationList;
			buildConfigurations = (
				4019C1442A542FCB006967FF /* Debug */,
				4019C1452A542FCB006967FF /* Release */,
			);
			defaultConfigurationIsVisible = 0;
			defaultConfigurationName = Release;
		};
		4019C1462A542FCB006967FF /* Build configuration list for PBXNativeTarget "Collections Management" */ = {
			isa = XCConfigurationList;
			buildConfigurations = (
				4019C1472A542FCB006967FF /* Debug */,
				4019C1482A542FCB006967FF /* Release */,
			);
			defaultConfigurationIsVisible = 0;
			defaultConfigurationName = Release;
		};
		4019C1492A542FCB006967FF /* Build configuration list for PBXNativeTarget "Collections ManagementTests" */ = {
			isa = XCConfigurationList;
			buildConfigurations = (
				4019C14A2A542FCB006967FF /* Debug */,
				4019C14B2A542FCB006967FF /* Release */,
			);
			defaultConfigurationIsVisible = 0;
			defaultConfigurationName = Release;
		};
		4019C14C2A542FCB006967FF /* Build configuration list for PBXNativeTarget "Collections ManagementUITests" */ = {
			isa = XCConfigurationList;
			buildConfigurations = (
				4019C14D2A542FCB006967FF /* Debug */,
				4019C14E2A542FCB006967FF /* Release */,
			);
			defaultConfigurationIsVisible = 0;
			defaultConfigurationName = Release;
		};
/* End XCConfigurationList section */

/* Begin XCVersionGroup section */
		4019C12B2A542FCB006967FF /* Collections_Management.xcdatamodeld */ = {
			isa = XCVersionGroup;
			children = (
				4019C12C2A542FCB006967FF /* Collections_Management.xcdatamodel */,
			);
			currentVersion = 4019C12C2A542FCB006967FF /* Collections_Management.xcdatamodel */;
			path = Collections_Management.xcdatamodeld;
			sourceTree = "<group>";
			versionGroupType = wrapper.xcdatamodel;
		};
/* End XCVersionGroup section */
	};
	rootObject = 4019C1152A542FCA006967FF /* Project object */;
}
